
Microsoft Visual Studio Solution File, Format Version 12.00
# Visual Studio Version 17
VisualStudioVersion = 17.4.33213.308
MinimumVisualStudioVersion = 10.0.40219.1
Project("{FAE04EC0-301F-11D3-BF4B-00C04F79EFBC}") = "ServicoCalculadora", "ServicoCalculadora.csproj", "{39486833-C118-424E-8BA5-7EEB53BCB698}"
EndProject
Global
	GlobalSection(SolutionConfigurationPlatforms) = preSolution
		Debug|Any CPU = Debug|Any CPU
		Release|Any CPU = Release|Any CPU
	EndGlobalSection
	GlobalSection(ProjectConfigurationPlatforms) = postSolution
		{39486833-C118-424E-8BA5-7EEB53BCB698}.Debug|Any CPU.ActiveCfg = Debug|Any CPU
		{39486833-C118-424E-8BA5-7EEB53BCB698}.Debug|Any CPU.Build.0 = Debug|Any CPU
		{39486833-C118-424E-8BA5-7EEB53BCB698}.Release|Any CPU.ActiveCfg = Release|Any CPU
		{39486833-C118-424E-8BA5-7EEB53BCB698}.Release|Any CPU.Build.0 = Release|Any CPU
	EndGlobalSection
	GlobalSection(SolutionProperties) = preSolution
		HideSolutionNode = FALSE
	EndGlobalSection
	GlobalSection(ExtensibilityGlobals) = postSolution
		SolutionGuid = {114B5601-D17D-485E-895B-EA3941389D1B}
	EndGlobalSection
EndGlobal
